// !$*UTF8*$!
{
	archiveVersion = 1;
	classes = {
	};
	objectVersion = 50;
	objects = {

/* Begin PBXBuildFile section */
		2B2047AB2397F0B700067F42 /* AppDelegate.swift in Sources */ = {isa = PBXBuildFile; fileRef = 2B2047AA2397F0B700067F42 /* AppDelegate.swift */; };
		2B2047AD2397F0B700067F42 /* ViewController.swift in Sources */ = {isa = PBXBuildFile; fileRef = 2B2047AC2397F0B700067F42 /* ViewController.swift */; };
		2B2047B02397F0B700067F42 /* Main.storyboard in Resources */ = {isa = PBXBuildFile; fileRef = 2B2047AE2397F0B700067F42 /* Main.storyboard */; };
		2B2047B22397F0BB00067F42 /* Assets.xcassets in Resources */ = {isa = PBXBuildFile; fileRef = 2B2047B12397F0BB00067F42 /* Assets.xcassets */; };
		2B2047B52397F0BB00067F42 /* LaunchScreen.storyboard in Resources */ = {isa = PBXBuildFile; fileRef = 2B2047B32397F0BB00067F42 /* LaunchScreen.storyboard */; };
		2B2047C02397F0BB00067F42 /* decemberGitPracticeTests.swift in Sources */ = {isa = PBXBuildFile; fileRef = 2B2047BF2397F0BB00067F42 /* decemberGitPracticeTests.swift */; };
		2B2047CB2397F0BB00067F42 /* decemberGitPracticeUITests.swift in Sources */ = {isa = PBXBuildFile; fileRef = 2B2047CA2397F0BB00067F42 /* decemberGitPracticeUITests.swift */; };
/* End PBXBuildFile section */

/* Begin PBXContainerItemProxy section */
		2B2047BC2397F0BB00067F42 /* PBXContainerItemProxy */ = {
			isa = PBXContainerItemProxy;
			containerPortal = 2B20479F2397F0B700067F42 /* Project object */;
			proxyType = 1;
			remoteGlobalIDString = 2B2047A62397F0B700067F42;
			remoteInfo = decemberGitPractice;
		};
		2B2047C72397F0BB00067F42 /* PBXContainerItemProxy */ = {
			isa = PBXContainerItemProxy;
			containerPortal = 2B20479F2397F0B700067F42 /* Project object */;
			proxyType = 1;
			remoteGlobalIDString = 2B2047A62397F0B700067F42;
			remoteInfo = decemberGitPractice;
		};
/* End PBXContainerItemProxy section */

/* Begin PBXFileReference section */
		2B2047A72397F0B700067F42 /* decemberGitPractice.app */ = {isa = PBXFileReference; explicitFileType = wrapper.application; includeInIndex = 0; path = decemberGitPractice.app; sourceTree = BUILT_PRODUCTS_DIR; };
		2B2047AA2397F0B700067F42 /* AppDelegate.swift */ = {isa = PBXFileReference; lastKnownFileType = sourcecode.swift; path = AppDelegate.swift; sourceTree = "<group>"; };
		2B2047AC2397F0B700067F42 /* ViewController.swift */ = {isa = PBXFileReference; lastKnownFileType = sourcecode.swift; path = ViewController.swift; sourceTree = "<group>"; };
		2B2047AF2397F0B700067F42 /* Base */ = {isa = PBXFileReference; lastKnownFileType = file.storyboard; name = Base; path = Base.lproj/Main.storyboard; sourceTree = "<group>"; };
		2B2047B12397F0BB00067F42 /* Assets.xcassets */ = {isa = PBXFileReference; lastKnownFileType = folder.assetcatalog; path = Assets.xcassets; sourceTree = "<group>"; };
		2B2047B42397F0BB00067F42 /* Base */ = {isa = PBXFileReference; lastKnownFileType = file.storyboard; name = Base; path = Base.lproj/LaunchScreen.storyboard; sourceTree = "<group>"; };
		2B2047B62397F0BB00067F42 /* Info.plist */ = {isa = PBXFileReference; lastKnownFileType = text.plist.xml; path = Info.plist; sourceTree = "<group>"; };
		2B2047BB2397F0BB00067F42 /* decemberGitPracticeTests.xctest */ = {isa = PBXFileReference; explicitFileType = wrapper.cfbundle; includeInIndex = 0; path = decemberGitPracticeTests.xctest; sourceTree = BUILT_PRODUCTS_DIR; };
		2B2047BF2397F0BB00067F42 /* decemberGitPracticeTests.swift */ = {isa = PBXFileReference; lastKnownFileType = sourcecode.swift; path = decemberGitPracticeTests.swift; sourceTree = "<group>"; };
		2B2047C12397F0BB00067F42 /* Info.plist */ = {isa = PBXFileReference; lastKnownFileType = text.plist.xml; path = Info.plist; sourceTree = "<group>"; };
		2B2047C62397F0BB00067F42 /* decemberGitPracticeUITests.xctest */ = {isa = PBXFileReference; explicitFileType = wrapper.cfbundle; includeInIndex = 0; path = decemberGitPracticeUITests.xctest; sourceTree = BUILT_PRODUCTS_DIR; };
		2B2047CA2397F0BB00067F42 /* decemberGitPracticeUITests.swift */ = {isa = PBXFileReference; lastKnownFileType = sourcecode.swift; path = decemberGitPracticeUITests.swift; sourceTree = "<group>"; };
		2B2047CC2397F0BB00067F42 /* Info.plist */ = {isa = PBXFileReference; lastKnownFileType = text.plist.xml; path = Info.plist; sourceTree = "<group>"; };
/* End PBXFileReference section */

/* Begin PBXFrameworksBuildPhase section */
		2B2047A42397F0B700067F42 /* Frameworks */ = {
			isa = PBXFrameworksBuildPhase;
			buildActionMask = 2147483647;
			files = (
			);
			runOnlyForDeploymentPostprocessing = 0;
		};
		2B2047B82397F0BB00067F42 /* Frameworks */ = {
			isa = PBXFrameworksBuildPhase;
			buildActionMask = 2147483647;
			files = (
			);
			runOnlyForDeploymentPostprocessing = 0;
		};
		2B2047C32397F0BB00067F42 /* Frameworks */ = {
			isa = PBXFrameworksBuildPhase;
			buildActionMask = 2147483647;
			files = (
			);
			runOnlyForDeploymentPostprocessing = 0;
		};
/* End PBXFrameworksBuildPhase section */

/* Begin PBXGroup section */
		2B20479E2397F0B700067F42 = {
			isa = PBXGroup;
			children = (
				2B2047A92397F0B700067F42 /* decemberGitPractice */,
				2B2047BE2397F0BB00067F42 /* decemberGitPracticeTests */,
				2B2047C92397F0BB00067F42 /* decemberGitPracticeUITests */,
				2B2047A82397F0B700067F42 /* Products */,
			);
			sourceTree = "<group>";
		};
		2B2047A82397F0B700067F42 /* Products */ = {
			isa = PBXGroup;
			children = (
				2B2047A72397F0B700067F42 /* decemberGitPractice.app */,
				2B2047BB2397F0BB00067F42 /* decemberGitPracticeTests.xctest */,
				2B2047C62397F0BB00067F42 /* decemberGitPracticeUITests.xctest */,
			);
			name = Products;
			sourceTree = "<group>";
		};
		2B2047A92397F0B700067F42 /* decemberGitPractice */ = {
			isa = PBXGroup;
			children = (
				2B2047AA2397F0B700067F42 /* AppDelegate.swift */,
				2B2047AC2397F0B700067F42 /* ViewController.swift */,
				2B2047AE2397F0B700067F42 /* Main.storyboard */,
				2B2047B12397F0BB00067F42 /* Assets.xcassets */,
				2B2047B32397F0BB00067F42 /* LaunchScreen.storyboard */,
				2B2047B62397F0BB00067F42 /* Info.plist */,
			);
			path = decemberGitPractice;
			sourceTree = "<group>";
		};
		2B2047BE2397F0BB00067F42 /* decemberGitPracticeTests */ = {
			isa = PBXGroup;
			children = (
				2B2047BF2397F0BB00067F42 /* decemberGitPracticeTests.swift */,
				2B2047C12397F0BB00067F42 /* Info.plist */,
			);
			path = decemberGitPracticeTests;
			sourceTree = "<group>";
		};
		2B2047C92397F0BB00067F42 /* decemberGitPracticeUITests */ = {
			isa = PBXGroup;
			children = (
				2B2047CA2397F0BB00067F42 /* decemberGitPracticeUITests.swift */,
				2B2047CC2397F0BB00067F42 /* Info.plist */,
			);
			path = decemberGitPracticeUITests;
			sourceTree = "<group>";
		};
/* End PBXGroup section */

/* Begin PBXNativeTarget section */
		2B2047A62397F0B700067F42 /* decemberGitPractice */ = {
			isa = PBXNativeTarget;
			buildConfigurationList = 2B2047CF2397F0BB00067F42 /* Build configuration list for PBXNativeTarget "decemberGitPractice" */;
			buildPhases = (
				2B2047A32397F0B700067F42 /* Sources */,
				2B2047A42397F0B700067F42 /* Frameworks */,
				2B2047A52397F0B700067F42 /* Resources */,
			);
			buildRules = (
			);
			dependencies = (
			);
			name = decemberGitPractice;
			productName = decemberGitPractice;
			productReference = 2B2047A72397F0B700067F42 /* decemberGitPractice.app */;
			productType = "com.apple.product-type.application";
		};
		2B2047BA2397F0BB00067F42 /* decemberGitPracticeTests */ = {
			isa = PBXNativeTarget;
			buildConfigurationList = 2B2047D22397F0BB00067F42 /* Build configuration list for PBXNativeTarget "decemberGitPracticeTests" */;
			buildPhases = (
				2B2047B72397F0BB00067F42 /* Sources */,
				2B2047B82397F0BB00067F42 /* Frameworks */,
				2B2047B92397F0BB00067F42 /* Resources */,
			);
			buildRules = (
			);
			dependencies = (
				2B2047BD2397F0BB00067F42 /* PBXTargetDependency */,
			);
			name = decemberGitPracticeTests;
			productName = decemberGitPracticeTests;
			productReference = 2B2047BB2397F0BB00067F42 /* decemberGitPracticeTests.xctest */;
			productType = "com.apple.product-type.bundle.unit-test";
		};
		2B2047C52397F0BB00067F42 /* decemberGitPracticeUITests */ = {
			isa = PBXNativeTarget;
			buildConfigurationList = 2B2047D52397F0BB00067F42 /* Build configuration list for PBXNativeTarget "decemberGitPracticeUITests" */;
			buildPhases = (
				2B2047C22397F0BB00067F42 /* Sources */,
				2B2047C32397F0BB00067F42 /* Frameworks */,
				2B2047C42397F0BB00067F42 /* Resources */,
			);
			buildRules = (
			);
			dependencies = (
				2B2047C82397F0BB00067F42 /* PBXTargetDependency */,
			);
			name = decemberGitPracticeUITests;
			productName = decemberGitPracticeUITests;
			productReference = 2B2047C62397F0BB00067F42 /* decemberGitPracticeUITests.xctest */;
			productType = "com.apple.product-type.bundle.ui-testing";
		};
/* End PBXNativeTarget section */

/* Begin PBXProject section */
		2B20479F2397F0B700067F42 /* Project object */ = {
			isa = PBXProject;
			attributes = {
				LastSwiftUpdateCheck = 1030;
				LastUpgradeCheck = 1030;
				ORGANIZATIONNAME = district196.org;
				TargetAttributes = {
					2B2047A62397F0B700067F42 = {
						CreatedOnToolsVersion = 10.3;
					};
					2B2047BA2397F0BB00067F42 = {
						CreatedOnToolsVersion = 10.3;
						TestTargetID = 2B2047A62397F0B700067F42;
					};
					2B2047C52397F0BB00067F42 = {
						CreatedOnToolsVersion = 10.3;
						TestTargetID = 2B2047A62397F0B700067F42;
					};
				};
			};
			buildConfigurationList = 2B2047A22397F0B700067F42 /* Build configuration list for PBXProject "decemberGitPractice" */;
			compatibilityVersion = "Xcode 9.3";
			developmentRegion = en;
			hasScannedForEncodings = 0;
			knownRegions = (
				en,
				Base,
			);
			mainGroup = 2B20479E2397F0B700067F42;
			productRefGroup = 2B2047A82397F0B700067F42 /* Products */;
			projectDirPath = "";
			projectRoot = "";
			targets = (
				2B2047A62397F0B700067F42 /* decemberGitPractice */,
				2B2047BA2397F0BB00067F42 /* decemberGitPracticeTests */,
				2B2047C52397F0BB00067F42 /* decemberGitPracticeUITests */,
			);
		};
/* End PBXProject section */

/* Begin PBXResourcesBuildPhase section */
		2B2047A52397F0B700067F42 /* Resources */ = {
			isa = PBXResourcesBuildPhase;
			buildActionMask = 2147483647;
			files = (
				2B2047B52397F0BB00067F42 /* LaunchScreen.storyboard in Resources */,
				2B2047B22397F0BB00067F42 /* Assets.xcassets in Resources */,
				2B2047B02397F0B700067F42 /* Main.storyboard in Resources */,
			);
			runOnlyForDeploymentPostprocessing = 0;
		};
		2B2047B92397F0BB00067F42 /* Resources */ = {
			isa = PBXResourcesBuildPhase;
			buildActionMask = 2147483647;
			files = (
			);
			runOnlyForDeploymentPostprocessing = 0;
		};
		2B2047C42397F0BB00067F42 /* Resources */ = {
			isa = PBXResourcesBuildPhase;
			buildActionMask = 2147483647;
			files = (
			);
			runOnlyForDeploymentPostprocessing = 0;
		};
/* End PBXResourcesBuildPhase section */

/* Begin PBXSourcesBuildPhase section */
		2B2047A32397F0B700067F42 /* Sources */ = {
			isa = PBXSourcesBuildPhase;
			buildActionMask = 2147483647;
			files = (
				2B2047AD2397F0B700067F42 /* ViewController.swift in Sources */,
				2B2047AB2397F0B700067F42 /* AppDelegate.swift in Sources */,
			);
			runOnlyForDeploymentPostprocessing = 0;
		};
		2B2047B72397F0BB00067F42 /* Sources */ = {
			isa = PBXSourcesBuildPhase;
			buildActionMask = 2147483647;
			files = (
				2B2047C02397F0BB00067F42 /* decemberGitPracticeTests.swift in Sources */,
			);
			runOnlyForDeploymentPostprocessing = 0;
		};
		2B2047C22397F0BB00067F42 /* Sources */ = {
			isa = PBXSourcesBuildPhase;
			buildActionMask = 2147483647;
			files = (
				2B2047CB2397F0BB00067F42 /* decemberGitPracticeUITests.swift in Sources */,
			);
			runOnlyForDeploymentPostprocessing = 0;
		};
/* End PBXSourcesBuildPhase section */

/* Begin PBXTargetDependency section */
		2B2047BD2397F0BB00067F42 /* PBXTargetDependency */ = {
			isa = PBXTargetDependency;
			target = 2B2047A62397F0B700067F42 /* decemberGitPractice */;
			targetProxy = 2B2047BC2397F0BB00067F42 /* PBXContainerItemProxy */;
		};
		2B2047C82397F0BB00067F42 /* PBXTargetDependency */ = {
			isa = PBXTargetDependency;
			target = 2B2047A62397F0B700067F42 /* decemberGitPractice */;
			targetProxy = 2B2047C72397F0BB00067F42 /* PBXContainerItemProxy */;
		};
/* End PBXTargetDependency section */

/* Begin PBXVariantGroup section */
		2B2047AE2397F0B700067F42 /* Main.storyboard */ = {
			isa = PBXVariantGroup;
			children = (
				2B2047AF2397F0B700067F42 /* Base */,
			);
			name = Main.storyboard;
			sourceTree = "<group>";
		};
		2B2047B32397F0BB00067F42 /* LaunchScreen.storyboard */ = {
			isa = PBXVariantGroup;
			children = (
				2B2047B42397F0BB00067F42 /* Base */,
			);
			name = LaunchScreen.storyboard;
			sourceTree = "<group>";
		};
/* End PBXVariantGroup section */

/* Begin XCBuildConfiguration section */
		2B2047CD2397F0BB00067F42 /* Debug */ = {
			isa = XCBuildConfiguration;
			buildSettings = {
				ALWAYS_SEARCH_USER_PATHS = NO;
				CLANG_ANALYZER_NONNULL = YES;
				CLANG_ANALYZER_NUMBER_OBJECT_CONVERSION = YES_AGGRESSIVE;
				CLANG_CXX_LANGUAGE_STANDARD = "gnu++14";
				CLANG_CXX_LIBRARY = "libc++";
				CLANG_ENABLE_MODULES = YES;
				CLANG_ENABLE_OBJC_ARC = YES;
				CLANG_ENABLE_OBJC_WEAK = YES;
				CLANG_WARN_BLOCK_CAPTURE_AUTORELEASING = YES;
				CLANG_WARN_BOOL_CONVERSION = YES;
				CLANG_WARN_COMMA = YES;
				CLANG_WARN_CONSTANT_CONVERSION = YES;
				CLANG_WARN_DEPRECATED_OBJC_IMPLEMENTATIONS = YES;
				CLANG_WARN_DIRECT_OBJC_ISA_USAGE = YES_ERROR;
				CLANG_WARN_DOCUMENTATION_COMMENTS = YES;
				CLANG_WARN_EMPTY_BODY = YES;
				CLANG_WARN_ENUM_CONVERSION = YES;
				CLANG_WARN_INFINITE_RECURSION = YES;
				CLANG_WARN_INT_CONVERSION = YES;
				CLANG_WARN_NON_LITERAL_NULL_CONVERSION = YES;
				CLANG_WARN_OBJC_IMPLICIT_RETAIN_SELF = YES;
				CLANG_WARN_OBJC_LITERAL_CONVERSION = YES;
				CLANG_WARN_OBJC_ROOT_CLASS = YES_ERROR;
				CLANG_WARN_RANGE_LOOP_ANALYSIS = YES;
				CLANG_WARN_STRICT_PROTOTYPES = YES;
				CLANG_WARN_SUSPICIOUS_MOVE = YES;
				CLANG_WARN_UNGUARDED_AVAILABILITY = YES_AGGRESSIVE;
				CLANG_WARN_UNREACHABLE_CODE = YES;
				CLANG_WARN__DUPLICATE_METHOD_MATCH = YES;
				CODE_SIGN_IDENTITY = "iPhone Developer";
				COPY_PHASE_STRIP = NO;
				DEBUG_INFORMATION_FORMAT = dwarf;
				ENABLE_STRICT_OBJC_MSGSEND = YES;
				ENABLE_TESTABILITY = YES;
				GCC_C_LANGUAGE_STANDARD = gnu11;
				GCC_DYNAMIC_NO_PIC = NO;
				GCC_NO_COMMON_BLOCKS = YES;
				GCC_OPTIMIZATION_LEVEL = 0;
				GCC_PREPROCESSOR_DEFINITIONS = (
					"DEBUG=1",
					"$(inherited)",
				);
				GCC_WARN_64_TO_32_BIT_CONVERSION = YES;
				GCC_WARN_ABOUT_RETURN_TYPE = YES_ERROR;
				GCC_WARN_UNDECLARED_SELECTOR = YES;
				GCC_WARN_UNINITIALIZED_AUTOS = YES_AGGRESSIVE;
				GCC_WARN_UNUSED_FUNCTION = YES;
				GCC_WARN_UNUSED_VARIABLE = YES;
				IPHONEOS_DEPLOYMENT_TARGET = 12.4;
				MTL_ENABLE_DEBUG_INFO = INCLUDE_SOURCE;
				MTL_FAST_MATH = YES;
				ONLY_ACTIVE_ARCH = YES;
				SDKROOT = iphoneos;
				SWIFT_ACTIVE_COMPILATION_CONDITIONS = DEBUG;
				SWIFT_OPTIMIZATION_LEVEL = "-Onone";
			};
			name = Debug;
		};
		2B2047CE2397F0BB00067F42 /* Release */ = {
			isa = XCBuildConfiguration;
			buildSettings = {
				ALWAYS_SEARCH_USER_PATHS = NO;
				CLANG_ANALYZER_NONNULL = YES;
				CLANG_ANALYZER_NUMBER_OBJECT_CONVERSION = YES_AGGRESSIVE;
				CLANG_CXX_LANGUAGE_STANDARD = "gnu++14";
				CLANG_CXX_LIBRARY = "libc++";
				CLANG_ENABLE_MODULES = YES;
				CLANG_ENABLE_OBJC_ARC = YES;
				CLANG_ENABLE_OBJC_WEAK = YES;
				CLANG_WARN_BLOCK_CAPTURE_AUTORELEASING = YES;
				CLANG_WARN_BOOL_CONVERSION = YES;
				CLANG_WARN_COMMA = YES;
				CLANG_WARN_CONSTANT_CONVERSION = YES;
				CLANG_WARN_DEPRECATED_OBJC_IMPLEMENTATIONS = YES;
				CLANG_WARN_DIRECT_OBJC_ISA_USAGE = YES_ERROR;
				CLANG_WARN_DOCUMENTATION_COMMENTS = YES;
				CLANG_WARN_EMPTY_BODY = YES;
				CLANG_WARN_ENUM_CONVERSION = YES;
				CLANG_WARN_INFINITE_RECURSION = YES;
				CLANG_WARN_INT_CONVERSION = YES;
				CLANG_WARN_NON_LITERAL_NULL_CONVERSION = YES;
				CLANG_WARN_OBJC_IMPLICIT_RETAIN_SELF = YES;
				CLANG_WARN_OBJC_LITERAL_CONVERSION = YES;
				CLANG_WARN_OBJC_ROOT_CLASS = YES_ERROR;
				CLANG_WARN_RANGE_LOOP_ANALYSIS = YES;
				CLANG_WARN_STRICT_PROTOTYPES = YES;
				CLANG_WARN_SUSPICIOUS_MOVE = YES;
				CLANG_WARN_UNGUARDED_AVAILABILITY = YES_AGGRESSIVE;
				CLANG_WARN_UNREACHABLE_CODE = YES;
				CLANG_WARN__DUPLICATE_METHOD_MATCH = YES;
				CODE_SIGN_IDENTITY = "iPhone Developer";
				COPY_PHASE_STRIP = NO;
				DEBUG_INFORMATION_FORMAT = "dwarf-with-dsym";
				ENABLE_NS_ASSERTIONS = NO;
				ENABLE_STRICT_OBJC_MSGSEND = YES;
				GCC_C_LANGUAGE_STANDARD = gnu11;
				GCC_NO_COMMON_BLOCKS = YES;
				GCC_WARN_64_TO_32_BIT_CONVERSION = YES;
				GCC_WARN_ABOUT_RETURN_TYPE = YES_ERROR;
				GCC_WARN_UNDECLARED_SELECTOR = YES;
				GCC_WARN_UNINITIALIZED_AUTOS = YES_AGGRESSIVE;
				GCC_WARN_UNUSED_FUNCTION = YES;
				GCC_WARN_UNUSED_VARIABLE = YES;
				IPHONEOS_DEPLOYMENT_TARGET = 12.4;
				MTL_ENABLE_DEBUG_INFO = NO;
				MTL_FAST_MATH = YES;
				SDKROOT = iphoneos;
				SWIFT_COMPILATION_MODE = wholemodule;
				SWIFT_OPTIMIZATION_LEVEL = "-O";
				VALIDATE_PRODUCT = YES;
			};
			name = Release;
		};
		2B2047D02397F0BB00067F42 /* Debug */ = {
			isa = XCBuildConfiguration;
			buildSettings = {
				ASSETCATALOG_COMPILER_APPICON_NAME = AppIcon;
				CODE_SIGN_STYLE = Automatic;
				INFOPLIST_FILE = decemberGitPractice/Info.plist;
				LD_RUNPATH_SEARCH_PATHS = (
					"$(inherited)",
					"@executable_path/Frameworks",
				);
				PRODUCT_BUNDLE_IDENTIFIER = org.district196.decemberGitPractice;
				PRODUCT_NAME = "$(TARGET_NAME)";
				SWIFT_VERSION = 5.0;
				TARGETED_DEVICE_FAMILY = "1,2";
			};
			name = Debug;
		};
		2B2047D12397F0BB00067F42 /* Release */ = {
			isa = XCBuildConfiguration;
			buildSettings = {
				ASSETCATALOG_COMPILER_APPICON_NAME = AppIcon;
				CODE_SIGN_STYLE = Automatic;
				INFOPLIST_FILE = decemberGitPractice/Info.plist;
				LD_RUNPATH_SEARCH_PATHS = (
					"$(inherited)",
					"@executable_path/Frameworks",
				);
				PRODUCT_BUNDLE_IDENTIFIER = org.district196.decemberGitPractice;
				PRODUCT_NAME = "$(TARGET_NAME)";
				SWIFT_VERSION = 5.0;
				TARGETED_DEVICE_FAMILY = "1,2";
			};
			name = Release;
		};
		2B2047D32397F0BB00067F42 /* Debug */ = {
			isa = XCBuildConfiguration;
			buildSettings = {
				ALWAYS_EMBED_SWIFT_STANDARD_LIBRARIES = YES;
				BUNDLE_LOADER = "$(TEST_HOST)";
				CODE_SIGN_STYLE = Automatic;
				INFOPLIST_FILE = decemberGitPracticeTests/Info.plist;
				LD_RUNPATH_SEARCH_PATHS = (
					"$(inherited)",
					"@executable_path/Frameworks",
					"@loader_path/Frameworks",
				);
				PRODUCT_BUNDLE_IDENTIFIER = org.district196.decemberGitPracticeTests;
				PRODUCT_NAME = "$(TARGET_NAME)";
				SWIFT_VERSION = 5.0;
				TARGETED_DEVICE_FAMILY = "1,2";
				TEST_HOST = "$(BUILT_PRODUCTS_DIR)/decemberGitPractice.app/decemberGitPractice";
			};
			name = Debug;
		};
		2B2047D42397F0BB00067F42 /* Release */ = {
			isa = XCBuildConfiguration;
			buildSettings = {
				ALWAYS_EMBED_SWIFT_STANDARD_LIBRARIES = YES;
				BUNDLE_LOADER = "$(TEST_HOST)";
				CODE_SIGN_STYLE = Automatic;
				INFOPLIST_FILE = decemberGitPracticeTests/Info.plist;
				LD_RUNPATH_SEARCH_PATHS = (
					"$(inherited)",
					"@executable_path/Frameworks",
					"@loader_path/Frameworks",
				);
				PRODUCT_BUNDLE_IDENTIFIER = org.district196.decemberGitPracticeTests;
				PRODUCT_NAME = "$(TARGET_NAME)";
				SWIFT_VERSION = 5.0;
				TARGETED_DEVICE_FAMILY = "1,2";
				TEST_HOST = "$(BUILT_PRODUCTS_DIR)/decemberGitPractice.app/decemberGitPractice";
			};
			name = Release;
		};
		2B2047D62397F0BB00067F42 /* Debug */ = {
			isa = XCBuildConfiguration;
			buildSettings = {
				ALWAYS_EMBED_SWIFT_STANDARD_LIBRARIES = YES;
				CODE_SIGN_STYLE = Automatic;
				INFOPLIST_FILE = decemberGitPracticeUITests/Info.plist;
				LD_RUNPATH_SEARCH_PATHS = (
					"$(inherited)",
					"@executable_path/Frameworks",
					"@loader_path/Frameworks",
				);
				PRODUCT_BUNDLE_IDENTIFIER = org.district196.decemberGitPracticeUITests;
				PRODUCT_NAME = "$(TARGET_NAME)";
				SWIFT_VERSION = 5.0;
				TARGETED_DEVICE_FAMILY = "1,2";
				TEST_TARGET_NAME = decemberGitPractice;
			};
			name = Debug;
		};
		2B2047D72397F0BB00067F42 /* Release */ = {
			isa = XCBuildConfiguration;
			buildSettings = {
				ALWAYS_EMBED_SWIFT_STANDARD_LIBRARIES = YES;
				CODE_SIGN_STYLE = Automatic;
				INFOPLIST_FILE = decemberGitPracticeUITests/Info.plist;
				LD_RUNPATH_SEARCH_PATHS = (
					"$(inherited)",
					"@executable_path/Frameworks",
					"@loader_path/Frameworks",
				);
				PRODUCT_BUNDLE_IDENTIFIER = org.district196.decemberGitPracticeUITests;
				PRODUCT_NAME = "$(TARGET_NAME)";
				SWIFT_VERSION = 5.0;
				TARGETED_DEVICE_FAMILY = "1,2";
				TEST_TARGET_NAME = decemberGitPractice;
			};
			name = Release;
		};
/* End XCBuildConfiguration section */

/* Begin XCConfigurationList section */
		2B2047A22397F0B700067F42 /* Build configuration list for PBXProject "decemberGitPractice" */ = {
			isa = XCConfigurationList;
			buildConfigurations = (
				2B2047CD2397F0BB00067F42 /* Debug */,
				2B2047CE2397F0BB00067F42 /* Release */,
			);
			defaultConfigurationIsVisible = 0;
			defaultConfigurationName = Release;
		};
		2B2047CF2397F0BB00067F42 /* Build configuration list for PBXNativeTarget "decemberGitPractice" */ = {
			isa = XCConfigurationList;
			buildConfigurations = (
				2B2047D02397F0BB00067F42 /* Debug */,
				2B2047D12397F0BB00067F42 /* Release */,
			);
			defaultConfigurationIsVisible = 0;
			defaultConfigurationName = Release;
		};
		2B2047D22397F0BB00067F42 /* Build configuration list for PBXNativeTarget "decemberGitPracticeTests" */ = {
			isa = XCConfigurationList;
			buildConfigurations = (
				2B2047D32397F0BB00067F42 /* Debug */,
				2B2047D42397F0BB00067F42 /* Release */,
			);
			defaultConfigurationIsVisible = 0;
			defaultConfigurationName = Release;
		};
		2B2047D52397F0BB00067F42 /* Build configuration list for PBXNativeTarget "decemberGitPracticeUITests" */ = {
			isa = XCConfigurationList;
			buildConfigurations = (
				2B2047D62397F0BB00067F42 /* Debug */,
				2B2047D72397F0BB00067F42 /* Release */,
			);
			defaultConfigurationIsVisible = 0;
			defaultConfigurationName = Release;
		};
/* End XCConfigurationList section */
	};
	rootObject = 2B20479F2397F0B700067F42 /* Project object */;
}
